// !$*UTF8*$!
{
	archiveVersion = 1;
	classes = {
	};
	objectVersion = 56;
	objects = {

/* Begin PBXBuildFile section */
		820142742CA1E8AA00D5DED9 /* MessageModel.swift in Sources */ = {isa = PBXBuildFile; fileRef = 820142732CA1E8A700D5DED9 /* MessageModel.swift */; };
		820142782CA2ACF900D5DED9 /* NewMessage.swift in Sources */ = {isa = PBXBuildFile; fileRef = 820142762CA2ACF900D5DED9 /* NewMessage.swift */; };
		820142792CA2ACF900D5DED9 /* NewMessageView.swift in Sources */ = {isa = PBXBuildFile; fileRef = 820142772CA2ACF900D5DED9 /* NewMessageView.swift */; };
		820CCE852C9EE5EB00A87234 /* AsyncCachedImage.swift in Sources */ = {isa = PBXBuildFile; fileRef = 820CCE842C9EE5E800A87234 /* AsyncCachedImage.swift */; };
		820CCE882C9F2B7700A87234 /* Stats.swift in Sources */ = {isa = PBXBuildFile; fileRef = 820CCE872C9F2B7600A87234 /* Stats.swift */; };
		820CCE8A2C9F2B9600A87234 /* StatsView.swift in Sources */ = {isa = PBXBuildFile; fileRef = 820CCE892C9F2B9600A87234 /* StatsView.swift */; };
		820CCE8C2C9F55F900A87234 /* CameraManager.swift in Sources */ = {isa = PBXBuildFile; fileRef = 820CCE8B2C9F55F900A87234 /* CameraManager.swift */; };
		820CCE8E2C9F567400A87234 /* Video.swift in Sources */ = {isa = PBXBuildFile; fileRef = 820CCE8D2C9F567200A87234 /* Video.swift */; };
		820CCE902C9F576D00A87234 /* CIImage+Extensions.swift in Sources */ = {isa = PBXBuildFile; fileRef = 820CCE8F2C9F576D00A87234 /* CIImage+Extensions.swift */; };
		820CCE922C9F681700A87234 /* AVAsset+Extensions.swift in Sources */ = {isa = PBXBuildFile; fileRef = 820CCE912C9F681700A87234 /* AVAsset+Extensions.swift */; };
		820CCE962CA1D9C200A87234 /* Messages.swift in Sources */ = {isa = PBXBuildFile; fileRef = 820CCE942CA1D9C200A87234 /* Messages.swift */; };
		820CCE972CA1D9C200A87234 /* MessagesView.swift in Sources */ = {isa = PBXBuildFile; fileRef = 820CCE952CA1D9C200A87234 /* MessagesView.swift */; };
		820CCE9B2CA1DA2D00A87234 /* Chat.swift in Sources */ = {isa = PBXBuildFile; fileRef = 820CCE992CA1DA2D00A87234 /* Chat.swift */; };
		820CCE9C2CA1DA2D00A87234 /* ChatView.swift in Sources */ = {isa = PBXBuildFile; fileRef = 820CCE9A2CA1DA2D00A87234 /* ChatView.swift */; };
		820CCEA92CA1E01600A87234 /* ChatModel.swift in Sources */ = {isa = PBXBuildFile; fileRef = 820CCEA82CA1E01300A87234 /* ChatModel.swift */; };
		820EF4672C9AC83300263915 /* Stories.swift in Sources */ = {isa = PBXBuildFile; fileRef = 820EF4662C9AC83000263915 /* Stories.swift */; };
		820EF46A2C9AC85800263915 /* StoriesView.swift in Sources */ = {isa = PBXBuildFile; fileRef = 820EF4692C9AC85800263915 /* StoriesView.swift */; };
		820EF46C2C9ACA0100263915 /* StoryModel.swift in Sources */ = {isa = PBXBuildFile; fileRef = 820EF46B2C9AC9FE00263915 /* StoryModel.swift */; };
		820EF46F2C9AD04200263915 /* Story.swift in Sources */ = {isa = PBXBuildFile; fileRef = 820EF46E2C9AD04000263915 /* Story.swift */; };
		820EF4712C9AD0B500263915 /* StoryView.swift in Sources */ = {isa = PBXBuildFile; fileRef = 820EF4702C9AD0B500263915 /* StoryView.swift */; };
		820EF4732C9ADCC400263915 /* StoryStatsModel.swift in Sources */ = {isa = PBXBuildFile; fileRef = 820EF4722C9ADCC000263915 /* StoryStatsModel.swift */; };
		820EF4762C9B17D400263915 /* Camera.swift in Sources */ = {isa = PBXBuildFile; fileRef = 820EF4752C9B17D300263915 /* Camera.swift */; };
		820EF4782C9B17ED00263915 /* CameraView.swift in Sources */ = {isa = PBXBuildFile; fileRef = 820EF4772C9B17ED00263915 /* CameraView.swift */; };
		826A32692C919B2900EBE7EB /* Post.swift in Sources */ = {isa = PBXBuildFile; fileRef = 826A32682C919B2900EBE7EB /* Post.swift */; };
		826A326B2C919B3A00EBE7EB /* PostView.swift in Sources */ = {isa = PBXBuildFile; fileRef = 826A326A2C919B3A00EBE7EB /* PostView.swift */; };
		826A326E2C919CC600EBE7EB /* Mocks.swift in Sources */ = {isa = PBXBuildFile; fileRef = 826A326D2C919CC600EBE7EB /* Mocks.swift */; };
		829FDBCD2C93187E00CBFCA3 /* BannerView.swift in Sources */ = {isa = PBXBuildFile; fileRef = 829FDBCC2C93187E00CBFCA3 /* BannerView.swift */; };
		829FDBD02C93297200CBFCA3 /* Settings.swift in Sources */ = {isa = PBXBuildFile; fileRef = 829FDBCF2C93297200CBFCA3 /* Settings.swift */; };
		829FDBD22C93299300CBFCA3 /* SettingsView.swift in Sources */ = {isa = PBXBuildFile; fileRef = 829FDBD12C93299300CBFCA3 /* SettingsView.swift */; };
		829FDBD52C934A4A00CBFCA3 /* Explore.swift in Sources */ = {isa = PBXBuildFile; fileRef = 829FDBD42C934A4A00CBFCA3 /* Explore.swift */; };
		829FDBD72C934A5F00CBFCA3 /* ExploreView.swift in Sources */ = {isa = PBXBuildFile; fileRef = 829FDBD62C934A5F00CBFCA3 /* ExploreView.swift */; };
		829FDBDA2C938B9A00CBFCA3 /* Media.swift in Sources */ = {isa = PBXBuildFile; fileRef = 829FDBD92C938B9A00CBFCA3 /* Media.swift */; };
		829FDBDC2C938C2D00CBFCA3 /* MediaView.swift in Sources */ = {isa = PBXBuildFile; fileRef = 829FDBDB2C938C2D00CBFCA3 /* MediaView.swift */; };
		82A97C862CA2E19700D788B2 /* FollowingModel.swift in Sources */ = {isa = PBXBuildFile; fileRef = 82A97C852CA2E19500D788B2 /* FollowingModel.swift */; };
		82A97C882CA4553600D788B2 /* MessageStatsModel.swift in Sources */ = {isa = PBXBuildFile; fileRef = 82A97C872CA4552F00D788B2 /* MessageStatsModel.swift */; };
		82A97C8B2CA46D7D00D788B2 /* CameraSend.swift in Sources */ = {isa = PBXBuildFile; fileRef = 82A97C8A2CA46D7B00D788B2 /* CameraSend.swift */; };
		82A97C8D2CA46D8B00D788B2 /* CameraSendView.swift in Sources */ = {isa = PBXBuildFile; fileRef = 82A97C8C2CA46D8B00D788B2 /* CameraSendView.swift */; };
		82A97C8F2CA472BB00D788B2 /* Toggle+Extensions.swift in Sources */ = {isa = PBXBuildFile; fileRef = 82A97C8E2CA472B500D788B2 /* Toggle+Extensions.swift */; };
		82A97C922CA4761100D788B2 /* CameraSendRecipient.swift in Sources */ = {isa = PBXBuildFile; fileRef = 82A97C912CA4761000D788B2 /* CameraSendRecipient.swift */; };
		82A97C942CA4761800D788B2 /* CameraSendRecipientView.swift in Sources */ = {isa = PBXBuildFile; fileRef = 82A97C932CA4761800D788B2 /* CameraSendRecipientView.swift */; };
		82B945C12C8F24DD00933459 /* outsiderApp.swift in Sources */ = {isa = PBXBuildFile; fileRef = 82B945C02C8F24DD00933459 /* outsiderApp.swift */; };
		82B945C52C8F24DD00933459 /* Assets.xcassets in Resources */ = {isa = PBXBuildFile; fileRef = 82B945C42C8F24DD00933459 /* Assets.xcassets */; };
		82B945C82C8F24DD00933459 /* Preview Assets.xcassets in Resources */ = {isa = PBXBuildFile; fileRef = 82B945C72C8F24DD00933459 /* Preview Assets.xcassets */; };
		82B945D02C8F253200933459 /* ComposableArchitecture in Frameworks */ = {isa = PBXBuildFile; productRef = 82B945CF2C8F253200933459 /* ComposableArchitecture */; };
		82B945D42C8F256F00933459 /* HomeView.swift in Sources */ = {isa = PBXBuildFile; fileRef = 82B945D32C8F256F00933459 /* HomeView.swift */; };
		82B945D82C8F2A5600933459 /* TabsView.swift in Sources */ = {isa = PBXBuildFile; fileRef = 82B945D72C8F2A5600933459 /* TabsView.swift */; };
		82B945DD2C8F32A600933459 /* Auth in Frameworks */ = {isa = PBXBuildFile; productRef = 82B945DC2C8F32A600933459 /* Auth */; };
		82B945DF2C8F32A600933459 /* Functions in Frameworks */ = {isa = PBXBuildFile; productRef = 82B945DE2C8F32A600933459 /* Functions */; };
		82B945E12C8F32A600933459 /* PostgREST in Frameworks */ = {isa = PBXBuildFile; productRef = 82B945E02C8F32A600933459 /* PostgREST */; };
		82B945E32C8F32A600933459 /* Realtime in Frameworks */ = {isa = PBXBuildFile; productRef = 82B945E22C8F32A600933459 /* Realtime */; };
		82B945E52C8F32A600933459 /* Storage in Frameworks */ = {isa = PBXBuildFile; productRef = 82B945E42C8F32A600933459 /* Storage */; };
		82B945E72C8F32A600933459 /* Supabase in Frameworks */ = {isa = PBXBuildFile; productRef = 82B945E62C8F32A600933459 /* Supabase */; };
		82B945EA2C8F340100933459 /* SignInView.swift in Sources */ = {isa = PBXBuildFile; fileRef = 82B945E92C8F340100933459 /* SignInView.swift */; };
		82B945ED2C8F355800933459 /* Button+ButtonStyle.swift in Sources */ = {isa = PBXBuildFile; fileRef = 82B945EC2C8F355800933459 /* Button+ButtonStyle.swift */; };
		82B945EF2C8F394B00933459 /* TextField+TextFieldStyle.swift in Sources */ = {isa = PBXBuildFile; fileRef = 82B945EE2C8F394B00933459 /* TextField+TextFieldStyle.swift */; };
		82B945F12C8F3C3C00933459 /* SignIn.swift in Sources */ = {isa = PBXBuildFile; fileRef = 82B945F02C8F3C3C00933459 /* SignIn.swift */; };
		82B945F42C8F3D1F00933459 /* Main.swift in Sources */ = {isa = PBXBuildFile; fileRef = 82B945F32C8F3D1F00933459 /* Main.swift */; };
		82B945F62C8F3D3300933459 /* MainView.swift in Sources */ = {isa = PBXBuildFile; fileRef = 82B945F52C8F3D3300933459 /* MainView.swift */; };
		82B945F82C8F3E0700933459 /* Tabs.swift in Sources */ = {isa = PBXBuildFile; fileRef = 82B945F72C8F3E0700933459 /* Tabs.swift */; };
		82B945FA2C8F408200933459 /* Environment.swift in Sources */ = {isa = PBXBuildFile; fileRef = 82B945F92C8F408200933459 /* Environment.swift */; };
		82B945FD2C8F5D6300933459 /* SignUp.swift in Sources */ = {isa = PBXBuildFile; fileRef = 82B945FC2C8F5D6300933459 /* SignUp.swift */; };
		82B945FF2C8F5D9400933459 /* SignUpView.swift in Sources */ = {isa = PBXBuildFile; fileRef = 82B945FE2C8F5D9400933459 /* SignUpView.swift */; };
		82B946022C8F5E4200933459 /* UserModel.swift in Sources */ = {isa = PBXBuildFile; fileRef = 82B946012C8F5E4200933459 /* UserModel.swift */; };
		82B946042C8F7C1300933459 /* Home.swift in Sources */ = {isa = PBXBuildFile; fileRef = 82B946032C8F7C1300933459 /* Home.swift */; };
		82DDB83C2C9C1FE60069C41E /* Keyboard+Extensions.swift in Sources */ = {isa = PBXBuildFile; fileRef = 82DDB83B2C9C1FDB0069C41E /* Keyboard+Extensions.swift */; };
		82DE373F2C8F7F20001C842B /* CurrentProfile.swift in Sources */ = {isa = PBXBuildFile; fileRef = 82DE373E2C8F7F20001C842B /* CurrentProfile.swift */; };
		82DE37412C8F7F2E001C842B /* CurrentProfileView.swift in Sources */ = {isa = PBXBuildFile; fileRef = 82DE37402C8F7F2E001C842B /* CurrentProfileView.swift */; };
		82DE37442C8F8364001C842B /* ClashDisplay-Variable.ttf in Resources */ = {isa = PBXBuildFile; fileRef = 82DE37432C8F8363001C842B /* ClashDisplay-Variable.ttf */; };
		82DE374B2C90DBDC001C842B /* StorageKey.swift in Sources */ = {isa = PBXBuildFile; fileRef = 82DE374A2C90DBDC001C842B /* StorageKey.swift */; };
		82DE374D2C919285001C842B /* PostModel.swift in Sources */ = {isa = PBXBuildFile; fileRef = 82DE374C2C919285001C842B /* PostModel.swift */; };
		82EC4E2B2C9755C500ADB629 /* LikeModel.swift in Sources */ = {isa = PBXBuildFile; fileRef = 82EC4E2A2C9755C500ADB629 /* LikeModel.swift */; };
		82EC4E2F2C98588B00ADB629 /* Profile.swift in Sources */ = {isa = PBXBuildFile; fileRef = 82EC4E2E2C98588B00ADB629 /* Profile.swift */; };
		82EC4E312C9858CF00ADB629 /* ProfileView.swift in Sources */ = {isa = PBXBuildFile; fileRef = 82EC4E302C9858CF00ADB629 /* ProfileView.swift */; };
		82EC4E342C98665F00ADB629 /* Comments.swift in Sources */ = {isa = PBXBuildFile; fileRef = 82EC4E332C98665F00ADB629 /* Comments.swift */; };
		82EC4E362C98669B00ADB629 /* CommentsView.swift in Sources */ = {isa = PBXBuildFile; fileRef = 82EC4E352C98669B00ADB629 /* CommentsView.swift */; };
		82EF35982C91C3ED00DEF606 /* Send.swift in Sources */ = {isa = PBXBuildFile; fileRef = 82EF35972C91C3ED00DEF606 /* Send.swift */; };
		82EF359A2C91C40600DEF606 /* SendView.swift in Sources */ = {isa = PBXBuildFile; fileRef = 82EF35992C91C40600DEF606 /* SendView.swift */; };
		82EF359C2C91D93100DEF606 /* Date+Extensions.swift in Sources */ = {isa = PBXBuildFile; fileRef = 82EF359B2C91D93100DEF606 /* Date+Extensions.swift */; };
		82EF35A12C91E4EB00DEF606 /* UIImage+Extensions.swift in Sources */ = {isa = PBXBuildFile; fileRef = 82EF35A02C91E4EB00DEF606 /* UIImage+Extensions.swift */; };
		82EF35A82C92179B00DEF606 /* MediaModel.swift in Sources */ = {isa = PBXBuildFile; fileRef = 82EF35A72C92179B00DEF606 /* MediaModel.swift */; };
		82EF35AA2C923B6600DEF606 /* View+Extensions.swift in Sources */ = {isa = PBXBuildFile; fileRef = 82EF35A92C923B6600DEF606 /* View+Extensions.swift */; };
		82EF35AD2C9302FB00DEF606 /* Username.swift in Sources */ = {isa = PBXBuildFile; fileRef = 82EF35AC2C9302FB00DEF606 /* Username.swift */; };
		82EF35AF2C93031200DEF606 /* UsernameView.swift in Sources */ = {isa = PBXBuildFile; fileRef = 82EF35AE2C93031200DEF606 /* UsernameView.swift */; };
/* End PBXBuildFile section */

/* Begin PBXFileReference section */
		820142732CA1E8A700D5DED9 /* MessageModel.swift */ = {isa = PBXFileReference; lastKnownFileType = sourcecode.swift; path = MessageModel.swift; sourceTree = "<group>"; };
		820142762CA2ACF900D5DED9 /* NewMessage.swift */ = {isa = PBXFileReference; lastKnownFileType = sourcecode.swift; path = NewMessage.swift; sourceTree = "<group>"; };
		820142772CA2ACF900D5DED9 /* NewMessageView.swift */ = {isa = PBXFileReference; lastKnownFileType = sourcecode.swift; path = NewMessageView.swift; sourceTree = "<group>"; };
		820CCE842C9EE5E800A87234 /* AsyncCachedImage.swift */ = {isa = PBXFileReference; lastKnownFileType = sourcecode.swift; path = AsyncCachedImage.swift; sourceTree = "<group>"; };
		820CCE872C9F2B7600A87234 /* Stats.swift */ = {isa = PBXFileReference; lastKnownFileType = sourcecode.swift; path = Stats.swift; sourceTree = "<group>"; };
		820CCE892C9F2B9600A87234 /* StatsView.swift */ = {isa = PBXFileReference; lastKnownFileType = sourcecode.swift; path = StatsView.swift; sourceTree = "<group>"; };
		820CCE8B2C9F55F900A87234 /* CameraManager.swift */ = {isa = PBXFileReference; lastKnownFileType = sourcecode.swift; path = CameraManager.swift; sourceTree = "<group>"; };
		820CCE8D2C9F567200A87234 /* Video.swift */ = {isa = PBXFileReference; lastKnownFileType = sourcecode.swift; path = Video.swift; sourceTree = "<group>"; };
		820CCE8F2C9F576D00A87234 /* CIImage+Extensions.swift */ = {isa = PBXFileReference; lastKnownFileType = sourcecode.swift; path = "CIImage+Extensions.swift"; sourceTree = "<group>"; };
		820CCE912C9F681700A87234 /* AVAsset+Extensions.swift */ = {isa = PBXFileReference; lastKnownFileType = sourcecode.swift; path = "AVAsset+Extensions.swift"; sourceTree = "<group>"; };
		820CCE942CA1D9C200A87234 /* Messages.swift */ = {isa = PBXFileReference; lastKnownFileType = sourcecode.swift; path = Messages.swift; sourceTree = "<group>"; };
		820CCE952CA1D9C200A87234 /* MessagesView.swift */ = {isa = PBXFileReference; lastKnownFileType = sourcecode.swift; path = MessagesView.swift; sourceTree = "<group>"; };
		820CCE992CA1DA2D00A87234 /* Chat.swift */ = {isa = PBXFileReference; lastKnownFileType = sourcecode.swift; path = Chat.swift; sourceTree = "<group>"; };
		820CCE9A2CA1DA2D00A87234 /* ChatView.swift */ = {isa = PBXFileReference; lastKnownFileType = sourcecode.swift; path = ChatView.swift; sourceTree = "<group>"; };
		820CCEA82CA1E01300A87234 /* ChatModel.swift */ = {isa = PBXFileReference; lastKnownFileType = sourcecode.swift; path = ChatModel.swift; sourceTree = "<group>"; };
		820EF4662C9AC83000263915 /* Stories.swift */ = {isa = PBXFileReference; lastKnownFileType = sourcecode.swift; path = Stories.swift; sourceTree = "<group>"; };
		820EF4692C9AC85800263915 /* StoriesView.swift */ = {isa = PBXFileReference; lastKnownFileType = sourcecode.swift; path = StoriesView.swift; sourceTree = "<group>"; };
		820EF46B2C9AC9FE00263915 /* StoryModel.swift */ = {isa = PBXFileReference; lastKnownFileType = sourcecode.swift; path = StoryModel.swift; sourceTree = "<group>"; };
		820EF46E2C9AD04000263915 /* Story.swift */ = {isa = PBXFileReference; lastKnownFileType = sourcecode.swift; path = Story.swift; sourceTree = "<group>"; };
		820EF4702C9AD0B500263915 /* StoryView.swift */ = {isa = PBXFileReference; lastKnownFileType = sourcecode.swift; path = StoryView.swift; sourceTree = "<group>"; };
		820EF4722C9ADCC000263915 /* StoryStatsModel.swift */ = {isa = PBXFileReference; lastKnownFileType = sourcecode.swift; path = StoryStatsModel.swift; sourceTree = "<group>"; };
		820EF4752C9B17D300263915 /* Camera.swift */ = {isa = PBXFileReference; lastKnownFileType = sourcecode.swift; path = Camera.swift; sourceTree = "<group>"; };
		820EF4772C9B17ED00263915 /* CameraView.swift */ = {isa = PBXFileReference; lastKnownFileType = sourcecode.swift; path = CameraView.swift; sourceTree = "<group>"; };
		826A32682C919B2900EBE7EB /* Post.swift */ = {isa = PBXFileReference; lastKnownFileType = sourcecode.swift; path = Post.swift; sourceTree = "<group>"; };
		826A326A2C919B3A00EBE7EB /* PostView.swift */ = {isa = PBXFileReference; lastKnownFileType = sourcecode.swift; path = PostView.swift; sourceTree = "<group>"; };
		826A326D2C919CC600EBE7EB /* Mocks.swift */ = {isa = PBXFileReference; lastKnownFileType = sourcecode.swift; path = Mocks.swift; sourceTree = "<group>"; };
		829FDBCC2C93187E00CBFCA3 /* BannerView.swift */ = {isa = PBXFileReference; fileEncoding = 4; lastKnownFileType = sourcecode.swift; path = BannerView.swift; sourceTree = "<group>"; };
		829FDBCF2C93297200CBFCA3 /* Settings.swift */ = {isa = PBXFileReference; lastKnownFileType = sourcecode.swift; path = Settings.swift; sourceTree = "<group>"; };
		829FDBD12C93299300CBFCA3 /* SettingsView.swift */ = {isa = PBXFileReference; lastKnownFileType = sourcecode.swift; path = SettingsView.swift; sourceTree = "<group>"; };
		829FDBD42C934A4A00CBFCA3 /* Explore.swift */ = {isa = PBXFileReference; lastKnownFileType = sourcecode.swift; path = Explore.swift; sourceTree = "<group>"; };
		829FDBD62C934A5F00CBFCA3 /* ExploreView.swift */ = {isa = PBXFileReference; lastKnownFileType = sourcecode.swift; path = ExploreView.swift; sourceTree = "<group>"; };
		829FDBD92C938B9A00CBFCA3 /* Media.swift */ = {isa = PBXFileReference; lastKnownFileType = sourcecode.swift; path = Media.swift; sourceTree = "<group>"; };
		829FDBDB2C938C2D00CBFCA3 /* MediaView.swift */ = {isa = PBXFileReference; lastKnownFileType = sourcecode.swift; path = MediaView.swift; sourceTree = "<group>"; };
		82A97C852CA2E19500D788B2 /* FollowingModel.swift */ = {isa = PBXFileReference; lastKnownFileType = sourcecode.swift; path = FollowingModel.swift; sourceTree = "<group>"; };
		82A97C872CA4552F00D788B2 /* MessageStatsModel.swift */ = {isa = PBXFileReference; lastKnownFileType = sourcecode.swift; path = MessageStatsModel.swift; sourceTree = "<group>"; };
		82A97C8A2CA46D7B00D788B2 /* CameraSend.swift */ = {isa = PBXFileReference; lastKnownFileType = sourcecode.swift; path = CameraSend.swift; sourceTree = "<group>"; };
		82A97C8C2CA46D8B00D788B2 /* CameraSendView.swift */ = {isa = PBXFileReference; lastKnownFileType = sourcecode.swift; path = CameraSendView.swift; sourceTree = "<group>"; };
		82A97C8E2CA472B500D788B2 /* Toggle+Extensions.swift */ = {isa = PBXFileReference; lastKnownFileType = sourcecode.swift; path = "Toggle+Extensions.swift"; sourceTree = "<group>"; };
		82A97C912CA4761000D788B2 /* CameraSendRecipient.swift */ = {isa = PBXFileReference; lastKnownFileType = sourcecode.swift; path = CameraSendRecipient.swift; sourceTree = "<group>"; };
		82A97C932CA4761800D788B2 /* CameraSendRecipientView.swift */ = {isa = PBXFileReference; lastKnownFileType = sourcecode.swift; path = CameraSendRecipientView.swift; sourceTree = "<group>"; };
		82B945BD2C8F24DD00933459 /* outsider.app */ = {isa = PBXFileReference; explicitFileType = wrapper.application; includeInIndex = 0; path = outsider.app; sourceTree = BUILT_PRODUCTS_DIR; };
		82B945C02C8F24DD00933459 /* outsiderApp.swift */ = {isa = PBXFileReference; lastKnownFileType = sourcecode.swift; path = outsiderApp.swift; sourceTree = "<group>"; };
		82B945C42C8F24DD00933459 /* Assets.xcassets */ = {isa = PBXFileReference; lastKnownFileType = folder.assetcatalog; path = Assets.xcassets; sourceTree = "<group>"; };
		82B945C72C8F24DD00933459 /* Preview Assets.xcassets */ = {isa = PBXFileReference; lastKnownFileType = folder.assetcatalog; path = "Preview Assets.xcassets"; sourceTree = "<group>"; };
		82B945D32C8F256F00933459 /* HomeView.swift */ = {isa = PBXFileReference; lastKnownFileType = sourcecode.swift; path = HomeView.swift; sourceTree = "<group>"; };
		82B945D72C8F2A5600933459 /* TabsView.swift */ = {isa = PBXFileReference; lastKnownFileType = sourcecode.swift; path = TabsView.swift; sourceTree = "<group>"; };
		82B945E92C8F340100933459 /* SignInView.swift */ = {isa = PBXFileReference; lastKnownFileType = sourcecode.swift; path = SignInView.swift; sourceTree = "<group>"; };
		82B945EC2C8F355800933459 /* Button+ButtonStyle.swift */ = {isa = PBXFileReference; lastKnownFileType = sourcecode.swift; path = "Button+ButtonStyle.swift"; sourceTree = "<group>"; };
		82B945EE2C8F394B00933459 /* TextField+TextFieldStyle.swift */ = {isa = PBXFileReference; lastKnownFileType = sourcecode.swift; path = "TextField+TextFieldStyle.swift"; sourceTree = "<group>"; };
		82B945F02C8F3C3C00933459 /* SignIn.swift */ = {isa = PBXFileReference; lastKnownFileType = sourcecode.swift; path = SignIn.swift; sourceTree = "<group>"; };
		82B945F32C8F3D1F00933459 /* Main.swift */ = {isa = PBXFileReference; lastKnownFileType = sourcecode.swift; path = Main.swift; sourceTree = "<group>"; };
		82B945F52C8F3D3300933459 /* MainView.swift */ = {isa = PBXFileReference; lastKnownFileType = sourcecode.swift; path = MainView.swift; sourceTree = "<group>"; };
		82B945F72C8F3E0700933459 /* Tabs.swift */ = {isa = PBXFileReference; lastKnownFileType = sourcecode.swift; path = Tabs.swift; sourceTree = "<group>"; };
		82B945F92C8F408200933459 /* Environment.swift */ = {isa = PBXFileReference; lastKnownFileType = sourcecode.swift; path = Environment.swift; sourceTree = "<group>"; };
		82B945FC2C8F5D6300933459 /* SignUp.swift */ = {isa = PBXFileReference; lastKnownFileType = sourcecode.swift; path = SignUp.swift; sourceTree = "<group>"; };
		82B945FE2C8F5D9400933459 /* SignUpView.swift */ = {isa = PBXFileReference; lastKnownFileType = sourcecode.swift; path = SignUpView.swift; sourceTree = "<group>"; };
		82B946012C8F5E4200933459 /* UserModel.swift */ = {isa = PBXFileReference; lastKnownFileType = sourcecode.swift; path = UserModel.swift; sourceTree = "<group>"; };
		82B946032C8F7C1300933459 /* Home.swift */ = {isa = PBXFileReference; lastKnownFileType = sourcecode.swift; path = Home.swift; sourceTree = "<group>"; };
		82DDB83B2C9C1FDB0069C41E /* Keyboard+Extensions.swift */ = {isa = PBXFileReference; lastKnownFileType = sourcecode.swift; path = "Keyboard+Extensions.swift"; sourceTree = "<group>"; };
		82DE373E2C8F7F20001C842B /* CurrentProfile.swift */ = {isa = PBXFileReference; lastKnownFileType = sourcecode.swift; path = CurrentProfile.swift; sourceTree = "<group>"; };
		82DE37402C8F7F2E001C842B /* CurrentProfileView.swift */ = {isa = PBXFileReference; lastKnownFileType = sourcecode.swift; path = CurrentProfileView.swift; sourceTree = "<group>"; };
		82DE37432C8F8363001C842B /* ClashDisplay-Variable.ttf */ = {isa = PBXFileReference; lastKnownFileType = file; path = "ClashDisplay-Variable.ttf"; sourceTree = "<group>"; };
		82DE37452C8F838A001C842B /* Info.plist */ = {isa = PBXFileReference; lastKnownFileType = text.plist; path = Info.plist; sourceTree = "<group>"; };
		82DE37462C90A355001C842B /* Config.xcconfig */ = {isa = PBXFileReference; lastKnownFileType = text.xcconfig; path = Config.xcconfig; sourceTree = "<group>"; };
		82DE374A2C90DBDC001C842B /* StorageKey.swift */ = {isa = PBXFileReference; lastKnownFileType = sourcecode.swift; path = StorageKey.swift; sourceTree = "<group>"; };
		82DE374C2C919285001C842B /* PostModel.swift */ = {isa = PBXFileReference; lastKnownFileType = sourcecode.swift; path = PostModel.swift; sourceTree = "<group>"; };
		82EC4E2A2C9755C500ADB629 /* LikeModel.swift */ = {isa = PBXFileReference; lastKnownFileType = sourcecode.swift; path = LikeModel.swift; sourceTree = "<group>"; };
		82EC4E2E2C98588B00ADB629 /* Profile.swift */ = {isa = PBXFileReference; lastKnownFileType = sourcecode.swift; path = Profile.swift; sourceTree = "<group>"; };
		82EC4E302C9858CF00ADB629 /* ProfileView.swift */ = {isa = PBXFileReference; lastKnownFileType = sourcecode.swift; path = ProfileView.swift; sourceTree = "<group>"; };
		82EC4E332C98665F00ADB629 /* Comments.swift */ = {isa = PBXFileReference; lastKnownFileType = sourcecode.swift; path = Comments.swift; sourceTree = "<group>"; };
		82EC4E352C98669B00ADB629 /* CommentsView.swift */ = {isa = PBXFileReference; lastKnownFileType = sourcecode.swift; path = CommentsView.swift; sourceTree = "<group>"; };
		82EF35972C91C3ED00DEF606 /* Send.swift */ = {isa = PBXFileReference; lastKnownFileType = sourcecode.swift; path = Send.swift; sourceTree = "<group>"; };
		82EF35992C91C40600DEF606 /* SendView.swift */ = {isa = PBXFileReference; lastKnownFileType = sourcecode.swift; path = SendView.swift; sourceTree = "<group>"; };
		82EF359B2C91D93100DEF606 /* Date+Extensions.swift */ = {isa = PBXFileReference; lastKnownFileType = sourcecode.swift; path = "Date+Extensions.swift"; sourceTree = "<group>"; };
		82EF35A02C91E4EB00DEF606 /* UIImage+Extensions.swift */ = {isa = PBXFileReference; fileEncoding = 4; lastKnownFileType = sourcecode.swift; path = "UIImage+Extensions.swift"; sourceTree = "<group>"; };
		82EF35A72C92179B00DEF606 /* MediaModel.swift */ = {isa = PBXFileReference; lastKnownFileType = sourcecode.swift; path = MediaModel.swift; sourceTree = "<group>"; };
		82EF35A92C923B6600DEF606 /* View+Extensions.swift */ = {isa = PBXFileReference; lastKnownFileType = sourcecode.swift; path = "View+Extensions.swift"; sourceTree = "<group>"; };
		82EF35AC2C9302FB00DEF606 /* Username.swift */ = {isa = PBXFileReference; lastKnownFileType = sourcecode.swift; path = Username.swift; sourceTree = "<group>"; };
		82EF35AE2C93031200DEF606 /* UsernameView.swift */ = {isa = PBXFileReference; lastKnownFileType = sourcecode.swift; path = UsernameView.swift; sourceTree = "<group>"; };
/* End PBXFileReference section */

/* Begin PBXFrameworksBuildPhase section */
		82B945BA2C8F24DC00933459 /* Frameworks */ = {
			isa = PBXFrameworksBuildPhase;
			buildActionMask = 2147483647;
			files = (
				82B945E72C8F32A600933459 /* Supabase in Frameworks */,
				82B945E52C8F32A600933459 /* Storage in Frameworks */,
				82B945E12C8F32A600933459 /* PostgREST in Frameworks */,
				82B945DF2C8F32A600933459 /* Functions in Frameworks */,
				82B945DD2C8F32A600933459 /* Auth in Frameworks */,
				82B945E32C8F32A600933459 /* Realtime in Frameworks */,
				82B945D02C8F253200933459 /* ComposableArchitecture in Frameworks */,
			);
			runOnlyForDeploymentPostprocessing = 0;
		};
/* End PBXFrameworksBuildPhase section */

/* Begin PBXGroup section */
		820142752CA2ACE700D5DED9 /* NewMessage */ = {
			isa = PBXGroup;
			children = (
				820142762CA2ACF900D5DED9 /* NewMessage.swift */,
				820142772CA2ACF900D5DED9 /* NewMessageView.swift */,
			);
			path = NewMessage;
			sourceTree = "<group>";
		};
		820CCE862C9F2B6B00A87234 /* Stats */ = {
			isa = PBXGroup;
			children = (
				820CCE872C9F2B7600A87234 /* Stats.swift */,
				820CCE892C9F2B9600A87234 /* StatsView.swift */,
			);
			path = Stats;
			sourceTree = "<group>";
		};
		820CCE932CA1D9BA00A87234 /* Messages */ = {
			isa = PBXGroup;
			children = (
				820CCE942CA1D9C200A87234 /* Messages.swift */,
				820CCE952CA1D9C200A87234 /* MessagesView.swift */,
			);
			path = Messages;
			sourceTree = "<group>";
		};
		820CCE982CA1DA2300A87234 /* Chat */ = {
			isa = PBXGroup;
			children = (
				820CCE992CA1DA2D00A87234 /* Chat.swift */,
				820CCE9A2CA1DA2D00A87234 /* ChatView.swift */,
			);
			path = Chat;
			sourceTree = "<group>";
		};
		820EF4652C9AC82300263915 /* Stories */ = {
			isa = PBXGroup;
			children = (
				820EF4662C9AC83000263915 /* Stories.swift */,
				820EF4692C9AC85800263915 /* StoriesView.swift */,
			);
			path = Stories;
			sourceTree = "<group>";
		};
		820EF46D2C9ACE8C00263915 /* Story */ = {
			isa = PBXGroup;
			children = (
				820EF46E2C9AD04000263915 /* Story.swift */,
				820EF4702C9AD0B500263915 /* StoryView.swift */,
			);
			path = Story;
			sourceTree = "<group>";
		};
		820EF4742C9B17CF00263915 /* Camera */ = {
			isa = PBXGroup;
			children = (
				820EF4752C9B17D300263915 /* Camera.swift */,
				820EF4772C9B17ED00263915 /* CameraView.swift */,
				820CCE8B2C9F55F900A87234 /* CameraManager.swift */,
			);
			path = Camera;
			sourceTree = "<group>";
		};
		826A32672C919B1800EBE7EB /* Post */ = {
			isa = PBXGroup;
			children = (
				826A32682C919B2900EBE7EB /* Post.swift */,
				826A326A2C919B3A00EBE7EB /* PostView.swift */,
			);
			path = Post;
			sourceTree = "<group>";
		};
		826A326C2C919CBD00EBE7EB /* Mocks */ = {
			isa = PBXGroup;
			children = (
				826A326D2C919CC600EBE7EB /* Mocks.swift */,
			);
			path = Mocks;
			sourceTree = "<group>";
		};
		829FDBCB2C93187400CBFCA3 /* Utils */ = {
			isa = PBXGroup;
			children = (
				820CCE842C9EE5E800A87234 /* AsyncCachedImage.swift */,
				829FDBCC2C93187E00CBFCA3 /* BannerView.swift */,
			);
			path = Utils;
			sourceTree = "<group>";
		};
		829FDBCE2C93296200CBFCA3 /* Settings */ = {
			isa = PBXGroup;
			children = (
				829FDBCF2C93297200CBFCA3 /* Settings.swift */,
				829FDBD12C93299300CBFCA3 /* SettingsView.swift */,
			);
			path = Settings;
			sourceTree = "<group>";
		};
		829FDBD32C934A3C00CBFCA3 /* Explore */ = {
			isa = PBXGroup;
			children = (
				829FDBD42C934A4A00CBFCA3 /* Explore.swift */,
				829FDBD62C934A5F00CBFCA3 /* ExploreView.swift */,
			);
			path = Explore;
			sourceTree = "<group>";
		};
		829FDBD82C938B8E00CBFCA3 /* Media */ = {
			isa = PBXGroup;
			children = (
				829FDBD92C938B9A00CBFCA3 /* Media.swift */,
				829FDBDB2C938C2D00CBFCA3 /* MediaView.swift */,
			);
			path = Media;
			sourceTree = "<group>";
		};
		82A97C892CA46D6900D788B2 /* CameraSend */ = {
			isa = PBXGroup;
			children = (
				82A97C8A2CA46D7B00D788B2 /* CameraSend.swift */,
				82A97C8C2CA46D8B00D788B2 /* CameraSendView.swift */,
			);
			path = CameraSend;
			sourceTree = "<group>";
		};
		82A97C902CA4760100D788B2 /* CameraSendRecipient */ = {
			isa = PBXGroup;
			children = (
				82A97C912CA4761000D788B2 /* CameraSendRecipient.swift */,
				82A97C932CA4761800D788B2 /* CameraSendRecipientView.swift */,
			);
			path = CameraSendRecipient;
			sourceTree = "<group>";
		};
		82B945B42C8F24DC00933459 = {
			isa = PBXGroup;
			children = (
				82B945BF2C8F24DD00933459 /* outsider */,
				82B945BE2C8F24DD00933459 /* Products */,
			);
			sourceTree = "<group>";
		};
		82B945BE2C8F24DD00933459 /* Products */ = {
			isa = PBXGroup;
			children = (
				82B945BD2C8F24DD00933459 /* outsider.app */,
			);
			name = Products;
			sourceTree = "<group>";
		};
		82B945BF2C8F24DD00933459 /* outsider */ = {
			isa = PBXGroup;
			children = (
				829FDBCB2C93187400CBFCA3 /* Utils */,
				826A326C2C919CBD00EBE7EB /* Mocks */,
				82DE37422C8F8346001C842B /* Fonts */,
				82B946002C8F5E3900933459 /* Models */,
				82B945EB2C8F348700933459 /* Extensions */,
				82B945D12C8F255C00933459 /* Features */,
				82B945C02C8F24DD00933459 /* outsiderApp.swift */,
				82B945F92C8F408200933459 /* Environment.swift */,
				82DE37462C90A355001C842B /* Config.xcconfig */,
				82DE37452C8F838A001C842B /* Info.plist */,
				82B945C42C8F24DD00933459 /* Assets.xcassets */,
				82B945C62C8F24DD00933459 /* Preview Content */,
			);
			path = outsider;
			sourceTree = "<group>";
		};
		82B945C62C8F24DD00933459 /* Preview Content */ = {
			isa = PBXGroup;
			children = (
				82B945C72C8F24DD00933459 /* Preview Assets.xcassets */,
			);
			path = "Preview Content";
			sourceTree = "<group>";
		};
		82B945D12C8F255C00933459 /* Features */ = {
			isa = PBXGroup;
			children = (
				82A97C902CA4760100D788B2 /* CameraSendRecipient */,
				82A97C892CA46D6900D788B2 /* CameraSend */,
				820EF4742C9B17CF00263915 /* Camera */,
				820142752CA2ACE700D5DED9 /* NewMessage */,
				820CCE982CA1DA2300A87234 /* Chat */,
				820CCE932CA1D9BA00A87234 /* Messages */,
				820CCE862C9F2B6B00A87234 /* Stats */,
				820EF46D2C9ACE8C00263915 /* Story */,
				820EF4652C9AC82300263915 /* Stories */,
				82EC4E322C98662C00ADB629 /* Comments */,
				82EC4E2D2C98588200ADB629 /* Profile */,
				829FDBD82C938B8E00CBFCA3 /* Media */,
				829FDBD32C934A3C00CBFCA3 /* Explore */,
				829FDBCE2C93296200CBFCA3 /* Settings */,
				82B945E82C8F33EB00933459 /* SignIn */,
				82B945FB2C8F5D4400933459 /* SignUp */,
				82EF35AB2C9302E700DEF606 /* Username */,
				82EF35962C91C3DF00DEF606 /* Send */,
				826A32672C919B1800EBE7EB /* Post */,
				82DE373D2C8F7F11001C842B /* CurrentProfile */,
				82B945D22C8F256300933459 /* Home */,
				82B945D62C8F2A4C00933459 /* Tabs */,
				82B945F22C8F3CFE00933459 /* Main */,
			);
			path = Features;
			sourceTree = "<group>";
		};
		82B945D22C8F256300933459 /* Home */ = {
			isa = PBXGroup;
			children = (
				82B946032C8F7C1300933459 /* Home.swift */,
				82B945D32C8F256F00933459 /* HomeView.swift */,
			);
			path = Home;
			sourceTree = "<group>";
		};
		82B945D62C8F2A4C00933459 /* Tabs */ = {
			isa = PBXGroup;
			children = (
				82B945F72C8F3E0700933459 /* Tabs.swift */,
				82B945D72C8F2A5600933459 /* TabsView.swift */,
			);
			path = Tabs;
			sourceTree = "<group>";
		};
		82B945E82C8F33EB00933459 /* SignIn */ = {
			isa = PBXGroup;
			children = (
				82B945F02C8F3C3C00933459 /* SignIn.swift */,
				82B945E92C8F340100933459 /* SignInView.swift */,
			);
			path = SignIn;
			sourceTree = "<group>";
		};
		82B945EB2C8F348700933459 /* Extensions */ = {
			isa = PBXGroup;
			children = (
				82A97C8E2CA472B500D788B2 /* Toggle+Extensions.swift */,
				820CCE8F2C9F576D00A87234 /* CIImage+Extensions.swift */,
				82DDB83B2C9C1FDB0069C41E /* Keyboard+Extensions.swift */,
				82EF35A02C91E4EB00DEF606 /* UIImage+Extensions.swift */,
				82B945EC2C8F355800933459 /* Button+ButtonStyle.swift */,
				82B945EE2C8F394B00933459 /* TextField+TextFieldStyle.swift */,
				82EF359B2C91D93100DEF606 /* Date+Extensions.swift */,
				82EF35A92C923B6600DEF606 /* View+Extensions.swift */,
				820CCE912C9F681700A87234 /* AVAsset+Extensions.swift */,
			);
			path = Extensions;
			sourceTree = "<group>";
		};
		82B945F22C8F3CFE00933459 /* Main */ = {
			isa = PBXGroup;
			children = (
				82B945F32C8F3D1F00933459 /* Main.swift */,
				82B945F52C8F3D3300933459 /* MainView.swift */,
			);
			path = Main;
			sourceTree = "<group>";
		};
		82B945FB2C8F5D4400933459 /* SignUp */ = {
			isa = PBXGroup;
			children = (
				82B945FC2C8F5D6300933459 /* SignUp.swift */,
				82B945FE2C8F5D9400933459 /* SignUpView.swift */,
			);
			path = SignUp;
			sourceTree = "<group>";
		};
		82B946002C8F5E3900933459 /* Models */ = {
			isa = PBXGroup;
			children = (
				82A97C872CA4552F00D788B2 /* MessageStatsModel.swift */,
				82A97C852CA2E19500D788B2 /* FollowingModel.swift */,
				820142732CA1E8A700D5DED9 /* MessageModel.swift */,
				820CCEA82CA1E01300A87234 /* ChatModel.swift */,
				820EF4722C9ADCC000263915 /* StoryStatsModel.swift */,
				820EF46B2C9AC9FE00263915 /* StoryModel.swift */,
				82B946012C8F5E4200933459 /* UserModel.swift */,
				82DE374C2C919285001C842B /* PostModel.swift */,
				82EF35A72C92179B00DEF606 /* MediaModel.swift */,
				82EC4E2A2C9755C500ADB629 /* LikeModel.swift */,
				820CCE8D2C9F567200A87234 /* Video.swift */,
				82DE374A2C90DBDC001C842B /* StorageKey.swift */,
			);
			path = Models;
			sourceTree = "<group>";
		};
		82DE373D2C8F7F11001C842B /* CurrentProfile */ = {
			isa = PBXGroup;
			children = (
				82DE373E2C8F7F20001C842B /* CurrentProfile.swift */,
				82DE37402C8F7F2E001C842B /* CurrentProfileView.swift */,
			);
			path = CurrentProfile;
			sourceTree = "<group>";
		};
		82DE37422C8F8346001C842B /* Fonts */ = {
			isa = PBXGroup;
			children = (
				82DE37432C8F8363001C842B /* ClashDisplay-Variable.ttf */,
			);
			path = Fonts;
			sourceTree = "<group>";
		};
		82EC4E2D2C98588200ADB629 /* Profile */ = {
			isa = PBXGroup;
			children = (
				82EC4E2E2C98588B00ADB629 /* Profile.swift */,
				82EC4E302C9858CF00ADB629 /* ProfileView.swift */,
			);
			path = Profile;
			sourceTree = "<group>";
		};
		82EC4E322C98662C00ADB629 /* Comments */ = {
			isa = PBXGroup;
			children = (
				82EC4E332C98665F00ADB629 /* Comments.swift */,
				82EC4E352C98669B00ADB629 /* CommentsView.swift */,
			);
			path = Comments;
			sourceTree = "<group>";
		};
		82EF35962C91C3DF00DEF606 /* Send */ = {
			isa = PBXGroup;
			children = (
				82EF35972C91C3ED00DEF606 /* Send.swift */,
				82EF35992C91C40600DEF606 /* SendView.swift */,
			);
			path = Send;
			sourceTree = "<group>";
		};
		82EF35AB2C9302E700DEF606 /* Username */ = {
			isa = PBXGroup;
			children = (
				82EF35AC2C9302FB00DEF606 /* Username.swift */,
				82EF35AE2C93031200DEF606 /* UsernameView.swift */,
			);
			path = Username;
			sourceTree = "<group>";
		};
/* End PBXGroup section */

/* Begin PBXNativeTarget section */
		82B945BC2C8F24DC00933459 /* outsider */ = {
			isa = PBXNativeTarget;
			buildConfigurationList = 82B945CB2C8F24DD00933459 /* Build configuration list for PBXNativeTarget "outsider" */;
			buildPhases = (
				82B945B92C8F24DC00933459 /* Sources */,
				82B945BA2C8F24DC00933459 /* Frameworks */,
				82B945BB2C8F24DC00933459 /* Resources */,
			);
			buildRules = (
			);
			dependencies = (
			);
			name = outsider;
			packageProductDependencies = (
				82B945CF2C8F253200933459 /* ComposableArchitecture */,
				82B945DC2C8F32A600933459 /* Auth */,
				82B945DE2C8F32A600933459 /* Functions */,
				82B945E02C8F32A600933459 /* PostgREST */,
				82B945E22C8F32A600933459 /* Realtime */,
				82B945E42C8F32A600933459 /* Storage */,
				82B945E62C8F32A600933459 /* Supabase */,
			);
			productName = outsider;
			productReference = 82B945BD2C8F24DD00933459 /* outsider.app */;
			productType = "com.apple.product-type.application";
		};
/* End PBXNativeTarget section */

/* Begin PBXProject section */
		82B945B52C8F24DC00933459 /* Project object */ = {
			isa = PBXProject;
			attributes = {
				BuildIndependentTargetsInParallel = 1;
				LastSwiftUpdateCheck = 1540;
				LastUpgradeCheck = 1600;
				TargetAttributes = {
					82B945BC2C8F24DC00933459 = {
						CreatedOnToolsVersion = 15.4;
					};
				};
			};
			buildConfigurationList = 82B945B82C8F24DC00933459 /* Build configuration list for PBXProject "outsider" */;
			compatibilityVersion = "Xcode 14.0";
			developmentRegion = en;
			hasScannedForEncodings = 0;
			knownRegions = (
				en,
				Base,
			);
			mainGroup = 82B945B42C8F24DC00933459;
			packageReferences = (
				82B945CE2C8F253200933459 /* XCRemoteSwiftPackageReference "swift-composable-architecture" */,
				82B945DB2C8F32A600933459 /* XCRemoteSwiftPackageReference "supabase-swift" */,
			);
			productRefGroup = 82B945BE2C8F24DD00933459 /* Products */;
			projectDirPath = "";
			projectRoot = "";
			targets = (
				82B945BC2C8F24DC00933459 /* outsider */,
			);
		};
/* End PBXProject section */

/* Begin PBXResourcesBuildPhase section */
		82B945BB2C8F24DC00933459 /* Resources */ = {
			isa = PBXResourcesBuildPhase;
			buildActionMask = 2147483647;
			files = (
				82B945C82C8F24DD00933459 /* Preview Assets.xcassets in Resources */,
				82DE37442C8F8364001C842B /* ClashDisplay-Variable.ttf in Resources */,
				82B945C52C8F24DD00933459 /* Assets.xcassets in Resources */,
			);
			runOnlyForDeploymentPostprocessing = 0;
		};
/* End PBXResourcesBuildPhase section */

/* Begin PBXSourcesBuildPhase section */
		82B945B92C8F24DC00933459 /* Sources */ = {
			isa = PBXSourcesBuildPhase;
			buildActionMask = 2147483647;
			files = (
				820142782CA2ACF900D5DED9 /* NewMessage.swift in Sources */,
				820142792CA2ACF900D5DED9 /* NewMessageView.swift in Sources */,
				82DE373F2C8F7F20001C842B /* CurrentProfile.swift in Sources */,
				820EF4732C9ADCC400263915 /* StoryStatsModel.swift in Sources */,
				82DE374D2C919285001C842B /* PostModel.swift in Sources */,
				82B945F42C8F3D1F00933459 /* Main.swift in Sources */,
				82B945FA2C8F408200933459 /* Environment.swift in Sources */,
				820CCE8E2C9F567400A87234 /* Video.swift in Sources */,
				82B945D82C8F2A5600933459 /* TabsView.swift in Sources */,
				82B945D42C8F256F00933459 /* HomeView.swift in Sources */,
				82EF35AF2C93031200DEF606 /* UsernameView.swift in Sources */,
				820CCE8A2C9F2B9600A87234 /* StatsView.swift in Sources */,
				82B945F62C8F3D3300933459 /* MainView.swift in Sources */,
				82B945F82C8F3E0700933459 /* Tabs.swift in Sources */,
				82DE374B2C90DBDC001C842B /* StorageKey.swift in Sources */,
				82A97C882CA4553600D788B2 /* MessageStatsModel.swift in Sources */,
				82DDB83C2C9C1FE60069C41E /* Keyboard+Extensions.swift in Sources */,
				829FDBCD2C93187E00CBFCA3 /* BannerView.swift in Sources */,
				82A97C922CA4761100D788B2 /* CameraSendRecipient.swift in Sources */,
				826A326B2C919B3A00EBE7EB /* PostView.swift in Sources */,
				82EF35AA2C923B6600DEF606 /* View+Extensions.swift in Sources */,
				82B945ED2C8F355800933459 /* Button+ButtonStyle.swift in Sources */,
				829FDBDA2C938B9A00CBFCA3 /* Media.swift in Sources */,
				820142742CA1E8AA00D5DED9 /* MessageModel.swift in Sources */,
				829FDBD72C934A5F00CBFCA3 /* ExploreView.swift in Sources */,
				820CCE882C9F2B7700A87234 /* Stats.swift in Sources */,
				82EC4E2F2C98588B00ADB629 /* Profile.swift in Sources */,
				82EC4E2B2C9755C500ADB629 /* LikeModel.swift in Sources */,
				826A326E2C919CC600EBE7EB /* Mocks.swift in Sources */,
				820CCE9B2CA1DA2D00A87234 /* Chat.swift in Sources */,
				820CCE9C2CA1DA2D00A87234 /* ChatView.swift in Sources */,
				820CCE962CA1D9C200A87234 /* Messages.swift in Sources */,
				820CCE972CA1D9C200A87234 /* MessagesView.swift in Sources */,
				82B945EF2C8F394B00933459 /* TextField+TextFieldStyle.swift in Sources */,
				82A97C8B2CA46D7D00D788B2 /* CameraSend.swift in Sources */,
				82EC4E362C98669B00ADB629 /* CommentsView.swift in Sources */,
				820EF4712C9AD0B500263915 /* StoryView.swift in Sources */,
				820EF4782C9B17ED00263915 /* CameraView.swift in Sources */,
				826A32692C919B2900EBE7EB /* Post.swift in Sources */,
				82EF359A2C91C40600DEF606 /* SendView.swift in Sources */,
				82DE37412C8F7F2E001C842B /* CurrentProfileView.swift in Sources */,
				82B945C12C8F24DD00933459 /* outsiderApp.swift in Sources */,
				829FDBDC2C938C2D00CBFCA3 /* MediaView.swift in Sources */,
				82A97C862CA2E19700D788B2 /* FollowingModel.swift in Sources */,
				820CCE852C9EE5EB00A87234 /* AsyncCachedImage.swift in Sources */,
				82A97C8F2CA472BB00D788B2 /* Toggle+Extensions.swift in Sources */,
				82B945FF2C8F5D9400933459 /* SignUpView.swift in Sources */,
				829FDBD22C93299300CBFCA3 /* SettingsView.swift in Sources */,
				82EF359C2C91D93100DEF606 /* Date+Extensions.swift in Sources */,
				820CCE922C9F681700A87234 /* AVAsset+Extensions.swift in Sources */,
				820EF46C2C9ACA0100263915 /* StoryModel.swift in Sources */,
				82EF35982C91C3ED00DEF606 /* Send.swift in Sources */,
				82EF35AD2C9302FB00DEF606 /* Username.swift in Sources */,
				829FDBD52C934A4A00CBFCA3 /* Explore.swift in Sources */,
				820EF46F2C9AD04200263915 /* Story.swift in Sources */,
				82B945EA2C8F340100933459 /* SignInView.swift in Sources */,
				820CCEA92CA1E01600A87234 /* ChatModel.swift in Sources */,
				820EF4672C9AC83300263915 /* Stories.swift in Sources */,
				82EC4E342C98665F00ADB629 /* Comments.swift in Sources */,
				82EC4E312C9858CF00ADB629 /* ProfileView.swift in Sources */,
				820EF46A2C9AC85800263915 /* StoriesView.swift in Sources */,
				82B945FD2C8F5D6300933459 /* SignUp.swift in Sources */,
				829FDBD02C93297200CBFCA3 /* Settings.swift in Sources */,
				82B946022C8F5E4200933459 /* UserModel.swift in Sources */,
				82EF35A82C92179B00DEF606 /* MediaModel.swift in Sources */,
				820CCE902C9F576D00A87234 /* CIImage+Extensions.swift in Sources */,
				82EF35A12C91E4EB00DEF606 /* UIImage+Extensions.swift in Sources */,
				82B946042C8F7C1300933459 /* Home.swift in Sources */,
				820EF4762C9B17D400263915 /* Camera.swift in Sources */,
				82A97C942CA4761800D788B2 /* CameraSendRecipientView.swift in Sources */,
				82B945F12C8F3C3C00933459 /* SignIn.swift in Sources */,
				820CCE8C2C9F55F900A87234 /* CameraManager.swift in Sources */,
				82A97C8D2CA46D8B00D788B2 /* CameraSendView.swift in Sources */,
			);
			runOnlyForDeploymentPostprocessing = 0;
		};
/* End PBXSourcesBuildPhase section */

/* Begin XCBuildConfiguration section */
		82B945C92C8F24DD00933459 /* Debug */ = {
			isa = XCBuildConfiguration;
			baseConfigurationReference = 82DE37462C90A355001C842B /* Config.xcconfig */;
			buildSettings = {
				ALWAYS_SEARCH_USER_PATHS = NO;
				ASSETCATALOG_COMPILER_GENERATE_SWIFT_ASSET_SYMBOL_EXTENSIONS = YES;
				CLANG_ANALYZER_NONNULL = YES;
				CLANG_ANALYZER_NUMBER_OBJECT_CONVERSION = YES_AGGRESSIVE;
				CLANG_CXX_LANGUAGE_STANDARD = "gnu++20";
				CLANG_ENABLE_MODULES = YES;
				CLANG_ENABLE_OBJC_ARC = YES;
				CLANG_ENABLE_OBJC_WEAK = YES;
				CLANG_WARN_BLOCK_CAPTURE_AUTORELEASING = YES;
				CLANG_WARN_BOOL_CONVERSION = YES;
				CLANG_WARN_COMMA = YES;
				CLANG_WARN_CONSTANT_CONVERSION = YES;
				CLANG_WARN_DEPRECATED_OBJC_IMPLEMENTATIONS = YES;
				CLANG_WARN_DIRECT_OBJC_ISA_USAGE = YES_ERROR;
				CLANG_WARN_DOCUMENTATION_COMMENTS = YES;
				CLANG_WARN_EMPTY_BODY = YES;
				CLANG_WARN_ENUM_CONVERSION = YES;
				CLANG_WARN_INFINITE_RECURSION = YES;
				CLANG_WARN_INT_CONVERSION = YES;
				CLANG_WARN_NON_LITERAL_NULL_CONVERSION = YES;
				CLANG_WARN_OBJC_IMPLICIT_RETAIN_SELF = YES;
				CLANG_WARN_OBJC_LITERAL_CONVERSION = YES;
				CLANG_WARN_OBJC_ROOT_CLASS = YES_ERROR;
				CLANG_WARN_QUOTED_INCLUDE_IN_FRAMEWORK_HEADER = YES;
				CLANG_WARN_RANGE_LOOP_ANALYSIS = YES;
				CLANG_WARN_STRICT_PROTOTYPES = YES;
				CLANG_WARN_SUSPICIOUS_MOVE = YES;
				CLANG_WARN_UNGUARDED_AVAILABILITY = YES_AGGRESSIVE;
				CLANG_WARN_UNREACHABLE_CODE = YES;
				CLANG_WARN__DUPLICATE_METHOD_MATCH = YES;
				COPY_PHASE_STRIP = NO;
				DEBUG_INFORMATION_FORMAT = dwarf;
				ENABLE_STRICT_OBJC_MSGSEND = YES;
				ENABLE_TESTABILITY = YES;
				ENABLE_USER_SCRIPT_SANDBOXING = YES;
				GCC_C_LANGUAGE_STANDARD = gnu17;
				GCC_DYNAMIC_NO_PIC = NO;
				GCC_NO_COMMON_BLOCKS = YES;
				GCC_OPTIMIZATION_LEVEL = 0;
				GCC_PREPROCESSOR_DEFINITIONS = (
					"DEBUG=1",
					"$(inherited)",
				);
				GCC_WARN_64_TO_32_BIT_CONVERSION = YES;
				GCC_WARN_ABOUT_RETURN_TYPE = YES_ERROR;
				GCC_WARN_UNDECLARED_SELECTOR = YES;
				GCC_WARN_UNINITIALIZED_AUTOS = YES_AGGRESSIVE;
				GCC_WARN_UNUSED_FUNCTION = YES;
				GCC_WARN_UNUSED_VARIABLE = YES;
				IPHONEOS_DEPLOYMENT_TARGET = 17.0;
				LOCALIZATION_PREFERS_STRING_CATALOGS = YES;
				MTL_ENABLE_DEBUG_INFO = INCLUDE_SOURCE;
				MTL_FAST_MATH = YES;
				ONLY_ACTIVE_ARCH = YES;
				SDKROOT = iphoneos;
				SWIFT_ACTIVE_COMPILATION_CONDITIONS = "DEBUG $(inherited)";
				SWIFT_OPTIMIZATION_LEVEL = "-Onone";
			};
			name = Debug;
		};
		82B945CA2C8F24DD00933459 /* Release */ = {
			isa = XCBuildConfiguration;
			baseConfigurationReference = 82DE37462C90A355001C842B /* Config.xcconfig */;
			buildSettings = {
				ALWAYS_SEARCH_USER_PATHS = NO;
				ASSETCATALOG_COMPILER_GENERATE_SWIFT_ASSET_SYMBOL_EXTENSIONS = YES;
				CLANG_ANALYZER_NONNULL = YES;
				CLANG_ANALYZER_NUMBER_OBJECT_CONVERSION = YES_AGGRESSIVE;
				CLANG_CXX_LANGUAGE_STANDARD = "gnu++20";
				CLANG_ENABLE_MODULES = YES;
				CLANG_ENABLE_OBJC_ARC = YES;
				CLANG_ENABLE_OBJC_WEAK = YES;
				CLANG_WARN_BLOCK_CAPTURE_AUTORELEASING = YES;
				CLANG_WARN_BOOL_CONVERSION = YES;
				CLANG_WARN_COMMA = YES;
				CLANG_WARN_CONSTANT_CONVERSION = YES;
				CLANG_WARN_DEPRECATED_OBJC_IMPLEMENTATIONS = YES;
				CLANG_WARN_DIRECT_OBJC_ISA_USAGE = YES_ERROR;
				CLANG_WARN_DOCUMENTATION_COMMENTS = YES;
				CLANG_WARN_EMPTY_BODY = YES;
				CLANG_WARN_ENUM_CONVERSION = YES;
				CLANG_WARN_INFINITE_RECURSION = YES;
				CLANG_WARN_INT_CONVERSION = YES;
				CLANG_WARN_NON_LITERAL_NULL_CONVERSION = YES;
				CLANG_WARN_OBJC_IMPLICIT_RETAIN_SELF = YES;
				CLANG_WARN_OBJC_LITERAL_CONVERSION = YES;
				CLANG_WARN_OBJC_ROOT_CLASS = YES_ERROR;
				CLANG_WARN_QUOTED_INCLUDE_IN_FRAMEWORK_HEADER = YES;
				CLANG_WARN_RANGE_LOOP_ANALYSIS = YES;
				CLANG_WARN_STRICT_PROTOTYPES = YES;
				CLANG_WARN_SUSPICIOUS_MOVE = YES;
				CLANG_WARN_UNGUARDED_AVAILABILITY = YES_AGGRESSIVE;
				CLANG_WARN_UNREACHABLE_CODE = YES;
				CLANG_WARN__DUPLICATE_METHOD_MATCH = YES;
				COPY_PHASE_STRIP = NO;
				DEBUG_INFORMATION_FORMAT = "dwarf-with-dsym";
				ENABLE_NS_ASSERTIONS = NO;
				ENABLE_STRICT_OBJC_MSGSEND = YES;
				ENABLE_USER_SCRIPT_SANDBOXING = YES;
				GCC_C_LANGUAGE_STANDARD = gnu17;
				GCC_NO_COMMON_BLOCKS = YES;
				GCC_WARN_64_TO_32_BIT_CONVERSION = YES;
				GCC_WARN_ABOUT_RETURN_TYPE = YES_ERROR;
				GCC_WARN_UNDECLARED_SELECTOR = YES;
				GCC_WARN_UNINITIALIZED_AUTOS = YES_AGGRESSIVE;
				GCC_WARN_UNUSED_FUNCTION = YES;
				GCC_WARN_UNUSED_VARIABLE = YES;
				IPHONEOS_DEPLOYMENT_TARGET = 17.0;
				LOCALIZATION_PREFERS_STRING_CATALOGS = YES;
				MTL_ENABLE_DEBUG_INFO = NO;
				MTL_FAST_MATH = YES;
				SDKROOT = iphoneos;
				SWIFT_COMPILATION_MODE = wholemodule;
				VALIDATE_PRODUCT = YES;
			};
			name = Release;
		};
		82B945CC2C8F24DD00933459 /* Debug */ = {
			isa = XCBuildConfiguration;
			buildSettings = {
				ASSETCATALOG_COMPILER_APPICON_NAME = AppIcon;
				ASSETCATALOG_COMPILER_GLOBAL_ACCENT_COLOR_NAME = "color-primary";
				CODE_SIGN_STYLE = Automatic;
				CURRENT_PROJECT_VERSION = 31;
				DEVELOPMENT_ASSET_PATHS = "\"outsider/Preview Content\"";
				DEVELOPMENT_TEAM = A6GVRYGG7C;
				ENABLE_PREVIEWS = YES;
				GENERATE_INFOPLIST_FILE = YES;
				INFOPLIST_FILE = outsider/Info.plist;
				INFOPLIST_KEY_CFBundleDisplayName = Podium;
				INFOPLIST_KEY_LSApplicationCategoryType = "public.app-category.social-networking";
				INFOPLIST_KEY_UIApplicationSceneManifest_Generation = YES;
				INFOPLIST_KEY_UIApplicationSupportsIndirectInputEvents = YES;
				INFOPLIST_KEY_UILaunchScreen_Generation = YES;
				INFOPLIST_KEY_UISupportedInterfaceOrientations = UIInterfaceOrientationPortrait;
				INFOPLIST_KEY_UISupportedInterfaceOrientations_iPad = "UIInterfaceOrientationLandscapeLeft UIInterfaceOrientationLandscapeRight UIInterfaceOrientationPortrait UIInterfaceOrientationPortraitUpsideDown";
				IPHONEOS_DEPLOYMENT_TARGET = 17.0;
				LD_RUNPATH_SEARCH_PATHS = (
					"$(inherited)",
					"@executable_path/Frameworks",
				);
				MARKETING_VERSION = 1.0;
				PRODUCT_BUNDLE_IDENTIFIER = me.jach.outsider;
				PRODUCT_NAME = "$(TARGET_NAME)";
				SUPPORTED_PLATFORMS = "iphoneos iphonesimulator";
				SUPPORTS_MACCATALYST = NO;
				SUPPORTS_MAC_DESIGNED_FOR_IPHONE_IPAD = NO;
				SUPPORTS_XR_DESIGNED_FOR_IPHONE_IPAD = NO;
				SWIFT_EMIT_LOC_STRINGS = YES;
				SWIFT_VERSION = 5.0;
				TARGETED_DEVICE_FAMILY = 1;
			};
			name = Debug;
		};
		82B945CD2C8F24DD00933459 /* Release */ = {
			isa = XCBuildConfiguration;
			buildSettings = {
				ASSETCATALOG_COMPILER_APPICON_NAME = AppIcon;
				ASSETCATALOG_COMPILER_GLOBAL_ACCENT_COLOR_NAME = "color-primary";
				CODE_SIGN_STYLE = Automatic;
				CURRENT_PROJECT_VERSION = 31;
				DEVELOPMENT_ASSET_PATHS = "\"outsider/Preview Content\"";
				DEVELOPMENT_TEAM = A6GVRYGG7C;
				ENABLE_PREVIEWS = YES;
				GENERATE_INFOPLIST_FILE = YES;
				INFOPLIST_FILE = outsider/Info.plist;
				INFOPLIST_KEY_CFBundleDisplayName = Podium;
				INFOPLIST_KEY_LSApplicationCategoryType = "public.app-category.social-networking";
				INFOPLIST_KEY_UIApplicationSceneManifest_Generation = YES;
				INFOPLIST_KEY_UIApplicationSupportsIndirectInputEvents = YES;
				INFOPLIST_KEY_UILaunchScreen_Generation = YES;
				INFOPLIST_KEY_UISupportedInterfaceOrientations = UIInterfaceOrientationPortrait;
				INFOPLIST_KEY_UISupportedInterfaceOrientations_iPad = "UIInterfaceOrientationLandscapeLeft UIInterfaceOrientationLandscapeRight UIInterfaceOrientationPortrait UIInterfaceOrientationPortraitUpsideDown";
				IPHONEOS_DEPLOYMENT_TARGET = 17.0;
				LD_RUNPATH_SEARCH_PATHS = (
					"$(inherited)",
					"@executable_path/Frameworks",
				);
				MARKETING_VERSION = 1.0;
				PRODUCT_BUNDLE_IDENTIFIER = me.jach.outsider;
				PRODUCT_NAME = "$(TARGET_NAME)";
				SUPPORTED_PLATFORMS = "iphoneos iphonesimulator";
				SUPPORTS_MACCATALYST = NO;
				SUPPORTS_MAC_DESIGNED_FOR_IPHONE_IPAD = NO;
				SUPPORTS_XR_DESIGNED_FOR_IPHONE_IPAD = NO;
				SWIFT_EMIT_LOC_STRINGS = YES;
				SWIFT_VERSION = 5.0;
				TARGETED_DEVICE_FAMILY = 1;
			};
			name = Release;
		};
/* End XCBuildConfiguration section */

/* Begin XCConfigurationList section */
		82B945B82C8F24DC00933459 /* Build configuration list for PBXProject "outsider" */ = {
			isa = XCConfigurationList;
			buildConfigurations = (
				82B945C92C8F24DD00933459 /* Debug */,
				82B945CA2C8F24DD00933459 /* Release */,
			);
			defaultConfigurationIsVisible = 0;
			defaultConfigurationName = Release;
		};
		82B945CB2C8F24DD00933459 /* Build configuration list for PBXNativeTarget "outsider" */ = {
			isa = XCConfigurationList;
			buildConfigurations = (
				82B945CC2C8F24DD00933459 /* Debug */,
				82B945CD2C8F24DD00933459 /* Release */,
			);
			defaultConfigurationIsVisible = 0;
			defaultConfigurationName = Release;
		};
/* End XCConfigurationList section */

/* Begin XCRemoteSwiftPackageReference section */
		82B945CE2C8F253200933459 /* XCRemoteSwiftPackageReference "swift-composable-architecture" */ = {
			isa = XCRemoteSwiftPackageReference;
			repositoryURL = "https://github.com/pointfreeco/swift-composable-architecture/";
			requirement = {
				kind = upToNextMajorVersion;
				minimumVersion = 1.14.0;
			};
		};
		82B945DB2C8F32A600933459 /* XCRemoteSwiftPackageReference "supabase-swift" */ = {
			isa = XCRemoteSwiftPackageReference;
			repositoryURL = "https://github.com/supabase/supabase-swift.git";
			requirement = {
				kind = upToNextMajorVersion;
				minimumVersion = 2.5.1;
			};
		};
/* End XCRemoteSwiftPackageReference section */

/* Begin XCSwiftPackageProductDependency section */
		82B945CF2C8F253200933459 /* ComposableArchitecture */ = {
			isa = XCSwiftPackageProductDependency;
			package = 82B945CE2C8F253200933459 /* XCRemoteSwiftPackageReference "swift-composable-architecture" */;
			productName = ComposableArchitecture;
		};
		82B945DC2C8F32A600933459 /* Auth */ = {
			isa = XCSwiftPackageProductDependency;
			package = 82B945DB2C8F32A600933459 /* XCRemoteSwiftPackageReference "supabase-swift" */;
			productName = Auth;
		};
		82B945DE2C8F32A600933459 /* Functions */ = {
			isa = XCSwiftPackageProductDependency;
			package = 82B945DB2C8F32A600933459 /* XCRemoteSwiftPackageReference "supabase-swift" */;
			productName = Functions;
		};
		82B945E02C8F32A600933459 /* PostgREST */ = {
			isa = XCSwiftPackageProductDependency;
			package = 82B945DB2C8F32A600933459 /* XCRemoteSwiftPackageReference "supabase-swift" */;
			productName = PostgREST;
		};
		82B945E22C8F32A600933459 /* Realtime */ = {
			isa = XCSwiftPackageProductDependency;
			package = 82B945DB2C8F32A600933459 /* XCRemoteSwiftPackageReference "supabase-swift" */;
			productName = Realtime;
		};
		82B945E42C8F32A600933459 /* Storage */ = {
			isa = XCSwiftPackageProductDependency;
			package = 82B945DB2C8F32A600933459 /* XCRemoteSwiftPackageReference "supabase-swift" */;
			productName = Storage;
		};
		82B945E62C8F32A600933459 /* Supabase */ = {
			isa = XCSwiftPackageProductDependency;
			package = 82B945DB2C8F32A600933459 /* XCRemoteSwiftPackageReference "supabase-swift" */;
			productName = Supabase;
		};
/* End XCSwiftPackageProductDependency section */
	};
	rootObject = 82B945B52C8F24DC00933459 /* Project object */;
}
